
Microsoft Visual Studio Solution File, Format Version 12.00
# Visual Studio Version 16
VisualStudioVersion = 16.0.29728.190
MinimumVisualStudioVersion = 10.0.40219.1
Project("{8BC9CEB8-8B4A-11D0-8D11-00A0C91BC942}") = "editor", "editor.vcxproj", "{EC7C39E7-8458-468F-B9F3-6C715EA88D58}"
	ProjectSection(ProjectDependencies) = postProject
		{56C508B6-848B-436A-BB6A-1CA2F91FA054} = {56C508B6-848B-436A-BB6A-1CA2F91FA054}
	EndProjectSection
EndProject
Project("{2150E333-8FDC-42A3-9474-1A3956D46DE8}") = "External", "External", "{D7511F58-BF6C-403E-AB38-C1D38293C923}"
EndProject
Project("{8BC9CEB8-8B4A-11D0-8D11-00A0C91BC942}") = "carpglib", "..\..\carpglib\carpglib.vcxproj", "{56C508B6-848B-436A-BB6A-1CA2F91FA054}"
	ProjectSection(ProjectDependencies) = postProject
		{76424983-1BE0-4E8D-9023-8AA316172A00} = {76424983-1BE0-4E8D-9023-8AA316172A00}
		{54AE91C7-48D4-9C49-A5B1-0CED554CADFA} = {54AE91C7-48D4-9C49-A5B1-0CED554CADFA}
	EndProjectSection
EndProject
Project("{8BC9CEB8-8B4A-11D0-8D11-00A0C91BC942}") = "LinearMath", "..\..\carpglib\external\Bullet\build\LinearMath.vcxproj", "{58D08522-C69F-904C-A7ED-733DA229F1BA}"
EndProject
Project("{8BC9CEB8-8B4A-11D0-8D11-00A0C91BC942}") = "BulletCollision", "..\..\carpglib\external\Bullet\build\BulletCollision.vcxproj", "{54AE91C7-48D4-9C49-A5B1-0CED554CADFA}"
	ProjectSection(ProjectDependencies) = postProject
		{58D08522-C69F-904C-A7ED-733DA229F1BA} = {58D08522-C69F-904C-A7ED-733DA229F1BA}
	EndProjectSection
EndProject
Project("{8BC9CEB8-8B4A-11D0-8D11-00A0C91BC942}") = "zlib", "..\..\carpglib\external\zlib\contrib\vstudio\zlibstat.vcxproj", "{76424983-1BE0-4E8D-9023-8AA316172A00}"
EndProject
Global
	GlobalSection(SolutionConfigurationPlatforms) = preSolution
		Debug|x86 = Debug|x86
		Release|x86 = Release|x86
	EndGlobalSection
	GlobalSection(ProjectConfigurationPlatforms) = postSolution
		{EC7C39E7-8458-468F-B9F3-6C715EA88D58}.Debug|x86.ActiveCfg = Debug|Win32
		{EC7C39E7-8458-468F-B9F3-6C715EA88D58}.Debug|x86.Build.0 = Debug|Win32
		{EC7C39E7-8458-468F-B9F3-6C715EA88D58}.Release|x86.ActiveCfg = Release|Win32
		{EC7C39E7-8458-468F-B9F3-6C715EA88D58}.Release|x86.Build.0 = Release|Win32
		{56C508B6-848B-436A-BB6A-1CA2F91FA054}.Debug|x86.ActiveCfg = Debug|Win32
		{56C508B6-848B-436A-BB6A-1CA2F91FA054}.Debug|x86.Build.0 = Debug|Win32
		{56C508B6-848B-436A-BB6A-1CA2F91FA054}.Release|x86.ActiveCfg = Release|Win32
		{56C508B6-848B-436A-BB6A-1CA2F91FA054}.Release|x86.Build.0 = Release|Win32
		{58D08522-C69F-904C-A7ED-733DA229F1BA}.Debug|x86.ActiveCfg = Debug|Win32
		{58D08522-C69F-904C-A7ED-733DA229F1BA}.Debug|x86.Build.0 = Debug|Win32
		{58D08522-C69F-904C-A7ED-733DA229F1BA}.Release|x86.ActiveCfg = Release|Win32
		{58D08522-C69F-904C-A7ED-733DA229F1BA}.Release|x86.Build.0 = Release|Win32
		{54AE91C7-48D4-9C49-A5B1-0CED554CADFA}.Debug|x86.ActiveCfg = Debug|Win32
		{54AE91C7-48D4-9C49-A5B1-0CED554CADFA}.Debug|x86.Build.0 = Debug|Win32
		{54AE91C7-48D4-9C49-A5B1-0CED554CADFA}.Release|x86.ActiveCfg = Release|Win32
		{54AE91C7-48D4-9C49-A5B1-0CED554CADFA}.Release|x86.Build.0 = Release|Win32
		{76424983-1BE0-4E8D-9023-8AA316172A00}.Debug|x86.ActiveCfg = Debug|Win32
		{76424983-1BE0-4E8D-9023-8AA316172A00}.Debug|x86.Build.0 = Debug|Win32
		{76424983-1BE0-4E8D-9023-8AA316172A00}.Release|x86.ActiveCfg = Release|Win32
		{76424983-1BE0-4E8D-9023-8AA316172A00}.Release|x86.Build.0 = Release|Win32
	EndGlobalSection
	GlobalSection(SolutionProperties) = preSolution
		HideSolutionNode = FALSE
	EndGlobalSection
	GlobalSection(NestedProjects) = preSolution
		{56C508B6-848B-436A-BB6A-1CA2F91FA054} = {D7511F58-BF6C-403E-AB38-C1D38293C923}
		{58D08522-C69F-904C-A7ED-733DA229F1BA} = {D7511F58-BF6C-403E-AB38-C1D38293C923}
		{54AE91C7-48D4-9C49-A5B1-0CED554CADFA} = {D7511F58-BF6C-403E-AB38-C1D38293C923}
		{76424983-1BE0-4E8D-9023-8AA316172A00} = {D7511F58-BF6C-403E-AB38-C1D38293C923}
	EndGlobalSection
	GlobalSection(ExtensibilityGlobals) = postSolution
		SolutionGuid = {CF21F77E-4E52-46C9-B234-C722AEC47673}
	EndGlobalSection
EndGlobal
