<?xml version="1.0" encoding="utf-8"?>
<Project ToolsVersion="4.0" xmlns="http://schemas.microsoft.com/developer/msbuild/2003">
  <ItemGroup>
    <Filter Include="core">
      <UniqueIdentifier>{39ae4fd0-b29a-4a35-a8c3-ca6a8929af37}</UniqueIdentifier>
    </Filter>
    <Filter Include="game">
      <UniqueIdentifier>{13fb0c96-7c4c-4be5-8bab-d9f41bdca2b9}</UniqueIdentifier>
    </Filter>
    <Filter Include="gui">
      <UniqueIdentifier>{7fad20b5-5993-4241-b98e-296ba32af9c4}</UniqueIdentifier>
    </Filter>
    <Filter Include="resource">
      <UniqueIdentifier>{bc9d59f8-23a1-480d-ba81-5772aad70353}</UniqueIdentifier>
    </Filter>
    <Filter Include="game\entity">
      <UniqueIdentifier>{b0232feb-569a-409a-8131-6cd4a6fb9d0b}</UniqueIdentifier>
    </Filter>
    <Filter Include="game\generator">
      <UniqueIdentifier>{5c09d15a-bfc6-4c10-ae87-959327953243}</UniqueIdentifier>
    </Filter>
    <Filter Include="game\location">
      <UniqueIdentifier>{ae903167-74dc-4497-bee0-0931dbe6d2f2}</UniqueIdentifier>
    </Filter>
    <Filter Include="game\net">
      <UniqueIdentifier>{929811af-2ec9-429b-ab7b-4695cb616a46}</UniqueIdentifier>
    </Filter>
    <Filter Include="game\panels">
      <UniqueIdentifier>{429adc31-6d5b-40e7-bb3c-f90c3c12841e}</UniqueIdentifier>
    </Filter>
    <Filter Include="game\stats">
      <UniqueIdentifier>{135d795b-2d45-43ab-a66c-27665390b549}</UniqueIdentifier>
    </Filter>
    <Filter Include="doc">
      <UniqueIdentifier>{5abd613a-c921-4c80-8be5-819125f7176f}</UniqueIdentifier>
    </Filter>
    <Filter Include="gui\dialogs">
      <UniqueIdentifier>{af15736b-e546-466c-a097-d6f0c9f70d2f}</UniqueIdentifier>
    </Filter>
    <Filter Include="game\quests">
      <UniqueIdentifier>{75442383-f3f1-4d6a-8061-523ae64f7b2a}</UniqueIdentifier>
    </Filter>
    <Filter Include="game\helpers">
      <UniqueIdentifier>{64ea01de-d08c-4399-8072-b6fc9082ce0b}</UniqueIdentifier>
    </Filter>
    <Filter Include="toolset">
      <UniqueIdentifier>{532a5f13-ae2a-4bcd-9e1b-d7967820b80c}</UniqueIdentifier>
    </Filter>
    <Filter Include="game\system">
      <UniqueIdentifier>{bbb926f1-86f9-418e-9b48-fe794630f134}</UniqueIdentifier>
    </Filter>
    <Filter Include="gui\new">
      <UniqueIdentifier>{4fb49a50-14ef-4fc7-8958-5b6e2fbdfb3a}</UniqueIdentifier>
    </Filter>
    <Filter Include="game\entity\unit">
      <UniqueIdentifier>{ff232058-112e-449d-90cc-69b98daa92c8}</UniqueIdentifier>
    </Filter>
    <Filter Include="game\entity\blood">
      <UniqueIdentifier>{a2f80a72-d50d-4290-8e9c-954818534cd6}</UniqueIdentifier>
    </Filter>
  </ItemGroup>
  <ItemGroup>
    <ClCompile Include="resource\PickLanguage.cpp">
      <Filter>resource</Filter>
    </ClCompile>
    <ClCompile Include="core\Animesh.cpp">
      <Filter>core</Filter>
    </ClCompile>
    <ClCompile Include="core\BoxToBox.cpp">
      <Filter>core</Filter>
    </ClCompile>
    <ClCompile Include="core\Bresenham.cpp">
      <Filter>core</Filter>
    </ClCompile>
    <ClCompile Include="core\Engine.cpp">
      <Filter>core</Filter>
    </ClCompile>
    <ClCompile Include="core\ParticleSystem.cpp">
      <Filter>core</Filter>
    </ClCompile>
    <ClCompile Include="core\Perlin.cpp">
      <Filter>core</Filter>
    </ClCompile>
    <ClCompile Include="core\Physics.cpp">
      <Filter>core</Filter>
    </ClCompile>
    <ClCompile Include="core\Terrain.cpp">
      <Filter>core</Filter>
    </ClCompile>
    <ClCompile Include="core\TerrainTile.cpp">
      <Filter>core</Filter>
    </ClCompile>
    <ClCompile Include="core\Timer.cpp">
      <Filter>core</Filter>
    </ClCompile>
    <ClCompile Include="core\Tokenizer.cpp">
      <Filter>core</Filter>
    </ClCompile>
    <ClCompile Include="gui\Button.cpp">
      <Filter>gui</Filter>
    </ClCompile>
    <ClCompile Include="gui\CheckBox.cpp">
      <Filter>gui</Filter>
    </ClCompile>
    <ClCompile Include="gui\Container.cpp">
      <Filter>gui</Filter>
    </ClCompile>
    <ClCompile Include="gui\Dialog2.cpp">
      <Filter>gui</Filter>
    </ClCompile>
    <ClCompile Include="gui\Grid.cpp">
      <Filter>gui</Filter>
    </ClCompile>
    <ClCompile Include="gui\GuiContainer.cpp">
      <Filter>gui</Filter>
    </ClCompile>
    <ClCompile Include="gui\InputTextBox.cpp">
      <Filter>gui</Filter>
    </ClCompile>
    <ClCompile Include="gui\ListBox.cpp">
      <Filter>gui</Filter>
    </ClCompile>
    <ClCompile Include="gui\MenuList.cpp">
      <Filter>gui</Filter>
    </ClCompile>
    <ClCompile Include="gui\Scrollbar.cpp">
      <Filter>gui</Filter>
    </ClCompile>
    <ClCompile Include="gui\Slider.cpp">
      <Filter>gui</Filter>
    </ClCompile>
    <ClCompile Include="gui\TextBox.cpp">
      <Filter>gui</Filter>
    </ClCompile>
    <ClCompile Include="game\ConsoleCommands.cpp">
      <Filter>game</Filter>
    </ClCompile>
    <ClCompile Include="game\FOV.cpp">
      <Filter>game</Filter>
    </ClCompile>
    <ClCompile Include="game\Game.cpp">
      <Filter>game</Filter>
    </ClCompile>
    <ClCompile Include="game\Game2.cpp">
      <Filter>game</Filter>
    </ClCompile>
    <ClCompile Include="game\GameCommon.cpp">
      <Filter>game</Filter>
    </ClCompile>
    <ClCompile Include="game\Gui2.cpp">
      <Filter>game</Filter>
    </ClCompile>
    <ClCompile Include="game\Menu.cpp">
      <Filter>game</Filter>
    </ClCompile>
    <ClCompile Include="game\QuadTreeAndGrass.cpp">
      <Filter>game</Filter>
    </ClCompile>
    <ClCompile Include="game\SaveLoad.cpp">
      <Filter>game</Filter>
    </ClCompile>
    <ClCompile Include="game\Scene.cpp">
      <Filter>game</Filter>
    </ClCompile>
    <ClCompile Include="game\Tournament.cpp">
      <Filter>game</Filter>
    </ClCompile>
    <ClCompile Include="game\Tutorial.cpp">
      <Filter>game</Filter>
    </ClCompile>
    <ClCompile Include="game\Worldmap.cpp">
      <Filter>game</Filter>
    </ClCompile>
    <ClCompile Include="game\Worldstate.cpp">
      <Filter>game</Filter>
    </ClCompile>
    <ClCompile Include="game\entity\AIController.cpp">
      <Filter>game\entity</Filter>
    </ClCompile>
    <ClCompile Include="game\entity\Bullet.cpp">
      <Filter>game\entity</Filter>
    </ClCompile>
    <ClCompile Include="game\entity\Chest.cpp">
      <Filter>game\entity</Filter>
    </ClCompile>
    <ClCompile Include="game\entity\Door.cpp">
      <Filter>game\entity</Filter>
    </ClCompile>
    <ClCompile Include="game\entity\GroundItem.cpp">
      <Filter>game\entity</Filter>
    </ClCompile>
    <ClCompile Include="game\entity\HeroData.cpp">
      <Filter>game\entity</Filter>
    </ClCompile>
    <ClCompile Include="game\entity\HumanData.cpp">
      <Filter>game\entity</Filter>
    </ClCompile>
    <ClCompile Include="game\entity\ItemSlot.cpp">
      <Filter>game\entity</Filter>
    </ClCompile>
    <ClCompile Include="game\entity\Object.cpp">
      <Filter>game\entity</Filter>
    </ClCompile>
    <ClCompile Include="game\entity\PlayerController.cpp">
      <Filter>game\entity</Filter>
    </ClCompile>
    <ClCompile Include="game\entity\SpellEffects.cpp">
      <Filter>game\entity</Filter>
    </ClCompile>
    <ClCompile Include="game\entity\Trap.cpp">
      <Filter>game\entity</Filter>
    </ClCompile>
    <ClCompile Include="game\entity\Useable.cpp">
      <Filter>game\entity</Filter>
    </ClCompile>
    <ClCompile Include="game\generator\CityGenerator.cpp">
      <Filter>game\generator</Filter>
    </ClCompile>
    <ClCompile Include="game\generator\Mapa2.cpp">
      <Filter>game\generator</Filter>
    </ClCompile>
    <ClCompile Include="game\location\Camp.cpp">
      <Filter>game\location</Filter>
    </ClCompile>
    <ClCompile Include="game\location\CaveLocation.cpp">
      <Filter>game\location</Filter>
    </ClCompile>
    <ClCompile Include="game\location\InsideBuilding.cpp">
      <Filter>game\location</Filter>
    </ClCompile>
    <ClCompile Include="game\location\InsideLocation.cpp">
      <Filter>game\location</Filter>
    </ClCompile>
    <ClCompile Include="game\location\InsideLocationLevel.cpp">
      <Filter>game\location</Filter>
    </ClCompile>
    <ClCompile Include="game\location\LevelContext.cpp">
      <Filter>game\location</Filter>
    </ClCompile>
    <ClCompile Include="game\location\Location.cpp">
      <Filter>game\location</Filter>
    </ClCompile>
    <ClCompile Include="game\location\MultiInsideLocation.cpp">
      <Filter>game\location</Filter>
    </ClCompile>
    <ClCompile Include="game\location\OutsideLocation.cpp">
      <Filter>game\location</Filter>
    </ClCompile>
    <ClCompile Include="game\location\SingleInsideLocation.cpp">
      <Filter>game\location</Filter>
    </ClCompile>
    <ClCompile Include="game\net\Net.cpp">
      <Filter>game\net</Filter>
    </ClCompile>
    <ClCompile Include="game\stats\BaseLocation.cpp">
      <Filter>game\stats</Filter>
    </ClCompile>
    <ClCompile Include="game\stats\BaseTrap.cpp">
      <Filter>game\stats</Filter>
    </ClCompile>
    <ClCompile Include="game\stats\BaseUseable.cpp">
      <Filter>game\stats</Filter>
    </ClCompile>
    <ClCompile Include="game\stats\Class.cpp">
      <Filter>game\stats</Filter>
    </ClCompile>
    <ClCompile Include="game\stats\Item.cpp">
      <Filter>game\stats</Filter>
    </ClCompile>
    <ClCompile Include="game\stats\Material.cpp">
      <Filter>game\stats</Filter>
    </ClCompile>
    <ClCompile Include="game\stats\Names.cpp">
      <Filter>game\stats</Filter>
    </ClCompile>
    <ClCompile Include="game\stats\RoomType.cpp">
      <Filter>game\stats</Filter>
    </ClCompile>
    <ClCompile Include="game\stats\SpawnGroup.cpp">
      <Filter>game\stats</Filter>
    </ClCompile>
    <ClCompile Include="game\stats\Spell.cpp">
      <Filter>game\stats</Filter>
    </ClCompile>
    <ClCompile Include="game\stats\UnitData.cpp">
      <Filter>game\stats</Filter>
    </ClCompile>
    <ClCompile Include="game\stats\UnitStats.cpp">
      <Filter>game\stats</Filter>
    </ClCompile>
    <ClCompile Include="game\panels\Console.cpp">
      <Filter>game\panels</Filter>
    </ClCompile>
    <ClCompile Include="game\panels\CreateCharacterPanel.cpp">
      <Filter>game\panels</Filter>
    </ClCompile>
    <ClCompile Include="game\panels\CreateServerPanel.cpp">
      <Filter>game\panels</Filter>
    </ClCompile>
    <ClCompile Include="game\panels\GameGui.cpp">
      <Filter>game\panels</Filter>
    </ClCompile>
    <ClCompile Include="game\panels\GameMenu.cpp">
      <Filter>game\panels</Filter>
    </ClCompile>
    <ClCompile Include="game\panels\GamePanel.cpp">
      <Filter>game\panels</Filter>
    </ClCompile>
    <ClCompile Include="game\panels\InfoBox.cpp">
      <Filter>game\panels</Filter>
    </ClCompile>
    <ClCompile Include="game\panels\Inventory.cpp">
      <Filter>game\panels</Filter>
    </ClCompile>
    <ClCompile Include="game\panels\Journal.cpp">
      <Filter>game\panels</Filter>
    </ClCompile>
    <ClCompile Include="game\panels\LoadScreen.cpp">
      <Filter>game\panels</Filter>
    </ClCompile>
    <ClCompile Include="game\panels\MainMenu.cpp">
      <Filter>game\panels</Filter>
    </ClCompile>
    <ClCompile Include="game\panels\Minimap.cpp">
      <Filter>game\panels</Filter>
    </ClCompile>
    <ClCompile Include="game\panels\MpBox.cpp">
      <Filter>game\panels</Filter>
    </ClCompile>
    <ClCompile Include="game\panels\MultiplayerPanel.cpp">
      <Filter>game\panels</Filter>
    </ClCompile>
    <ClCompile Include="game\panels\Options.cpp">
      <Filter>game\panels</Filter>
    </ClCompile>
    <ClCompile Include="game\panels\PickServerPanel.cpp">
      <Filter>game\panels</Filter>
    </ClCompile>
    <ClCompile Include="game\panels\SaveLoadPanel.cpp">
      <Filter>game\panels</Filter>
    </ClCompile>
    <ClCompile Include="game\panels\ServerPanel.cpp">
      <Filter>game\panels</Filter>
    </ClCompile>
    <ClCompile Include="game\panels\StatsPanel.cpp">
      <Filter>game\panels</Filter>
    </ClCompile>
    <ClCompile Include="game\panels\TeamPanel.cpp">
      <Filter>game\panels</Filter>
    </ClCompile>
    <ClCompile Include="game\panels\WorldMapGui.cpp">
      <Filter>game\panels</Filter>
    </ClCompile>
    <ClCompile Include="Main.cpp" />
    <ClCompile Include="Pch.cpp" />
    <ClCompile Include="game\Language.cpp">
      <Filter>game</Filter>
    </ClCompile>
    <ClCompile Include="game\stats\Attribute.cpp">
      <Filter>game\stats</Filter>
    </ClCompile>
    <ClCompile Include="game\stats\Music.cpp">
      <Filter>game\stats</Filter>
    </ClCompile>
    <ClCompile Include="game\stats\Skill.cpp">
      <Filter>game\stats</Filter>
    </ClCompile>
    <ClCompile Include="game\entity\PlayerInfo.cpp">
      <Filter>game\entity</Filter>
    </ClCompile>
    <ClCompile Include="gui\TooltipController.cpp">
      <Filter>gui</Filter>
    </ClCompile>
    <ClCompile Include="game\stats\StatProfile.cpp">
      <Filter>game\stats</Filter>
    </ClCompile>
    <ClCompile Include="game\Gui.cpp">
      <Filter>game</Filter>
    </ClCompile>
    <ClCompile Include="gui\dialogs\GetNumberDialog.cpp">
      <Filter>gui\dialogs</Filter>
    </ClCompile>
    <ClCompile Include="gui\dialogs\GetTextDialog.cpp">
      <Filter>gui\dialogs</Filter>
    </ClCompile>
    <ClCompile Include="game\panels\Controls.cpp">
      <Filter>game\panels</Filter>
    </ClCompile>
    <ClCompile Include="game\stats\Perk.cpp">
      <Filter>game\stats</Filter>
    </ClCompile>
    <ClCompile Include="gui\dialogs\PickItemDialog.cpp">
      <Filter>gui\dialogs</Filter>
    </ClCompile>
    <ClCompile Include="game\entity\CreatedCharacter.cpp">
      <Filter>game\entity</Filter>
    </ClCompile>
    <ClCompile Include="game\panels\GameMessages.cpp">
      <Filter>game\panels</Filter>
    </ClCompile>
    <ClCompile Include="game\stats\Effect.cpp">
      <Filter>game\stats</Filter>
    </ClCompile>
    <ClCompile Include="game\quests\QuestManager.cpp">
      <Filter>game\quests</Filter>
    </ClCompile>
    <ClCompile Include="game\quests\Quest_Main.cpp">
      <Filter>game\quests</Filter>
    </ClCompile>
    <ClCompile Include="game\quests\Quest_DeliverLetter.cpp">
      <Filter>game\quests</Filter>
    </ClCompile>
    <ClCompile Include="game\quests\Quest_DeliverParcel.cpp">
      <Filter>game\quests</Filter>
    </ClCompile>
    <ClCompile Include="game\quests\Quest_SpreadNews.cpp">
      <Filter>game\quests</Filter>
    </ClCompile>
    <ClCompile Include="game\quests\Quest_RescueCaptive.cpp">
      <Filter>game\quests</Filter>
    </ClCompile>
    <ClCompile Include="game\quests\Quest_BanditsCollectToll.cpp">
      <Filter>game\quests</Filter>
    </ClCompile>
    <ClCompile Include="game\quests\Quest_CampNearCity.cpp">
      <Filter>game\quests</Filter>
    </ClCompile>
    <ClCompile Include="game\quests\Quest_KillAnimals.cpp">
      <Filter>game\quests</Filter>
    </ClCompile>
    <ClCompile Include="game\quests\Quest_FindArtifact.cpp">
      <Filter>game\quests</Filter>
    </ClCompile>
    <ClCompile Include="game\quests\Quest_LostArtifact.cpp">
      <Filter>game\quests</Filter>
    </ClCompile>
    <ClCompile Include="game\quests\Quest_StolenArtifact.cpp">
      <Filter>game\quests</Filter>
    </ClCompile>
    <ClCompile Include="game\quests\Quest_Wanted.cpp">
      <Filter>game\quests</Filter>
    </ClCompile>
    <ClCompile Include="game\quests\Quest_Sawmill.cpp">
      <Filter>game\quests</Filter>
    </ClCompile>
    <ClCompile Include="game\quests\Quest_Mine.cpp">
      <Filter>game\quests</Filter>
    </ClCompile>
    <ClCompile Include="game\quests\Quest_Bandits.cpp">
      <Filter>game\quests</Filter>
    </ClCompile>
    <ClCompile Include="game\quests\Quest_Mages.cpp">
      <Filter>game\quests</Filter>
    </ClCompile>
    <ClCompile Include="game\quests\Quest_Orcs.cpp">
      <Filter>game\quests</Filter>
    </ClCompile>
    <ClCompile Include="game\quests\Quest_Goblins.cpp">
      <Filter>game\quests</Filter>
    </ClCompile>
    <ClCompile Include="game\quests\Quest_Evil.cpp">
      <Filter>game\quests</Filter>
    </ClCompile>
    <ClCompile Include="game\quests\Quest_Crazies.cpp">
      <Filter>game\quests</Filter>
    </ClCompile>
    <ClCompile Include="core\Crc.cpp">
      <Filter>core</Filter>
    </ClCompile>
    <ClCompile Include="game\Dialogs.cpp">
      <Filter>game</Filter>
    </ClCompile>
    <ClCompile Include="core\ResourceManager.cpp">
      <Filter>core</Filter>
    </ClCompile>
    <ClCompile Include="game\Game_LevelArea.cpp">
      <Filter>game</Filter>
    </ClCompile>
    <ClCompile Include="game\TeamItems.cpp">
      <Filter>game</Filter>
    </ClCompile>
    <ClCompile Include="ErrorHandler.cpp" />
    <ClCompile Include="core\Config.cpp">
      <Filter>core</Filter>
    </ClCompile>
    <ClCompile Include="game\entity\Light.cpp">
      <Filter>game\entity</Filter>
    </ClCompile>
    <ClCompile Include="core\Stream.cpp">
      <Filter>core</Filter>
    </ClCompile>
    <ClCompile Include="game\stats\Required.cpp">
      <Filter>game\stats</Filter>
    </ClCompile>
    <ClCompile Include="game\helpers\UnitHelper.cpp">
      <Filter>game\helpers</Filter>
    </ClCompile>
    <ClCompile Include="game\location\City.cpp">
      <Filter>game\location</Filter>
    </ClCompile>
    <ClCompile Include="toolset\Toolset.cpp">
      <Filter>toolset</Filter>
    </ClCompile>
    <ClCompile Include="gui\Overlay.cpp">
      <Filter>gui\new</Filter>
    </ClCompile>
    <ClCompile Include="gui\Layout.cpp">
      <Filter>gui\new</Filter>
    </ClCompile>
    <ClCompile Include="game\Init.cpp">
      <Filter>game</Filter>
    </ClCompile>
    <ClCompile Include="game\system\Building.cpp">
      <Filter>game\system</Filter>
    </ClCompile>
    <ClCompile Include="game\system\BuildingGroup.cpp">
      <Filter>game\system</Filter>
    </ClCompile>
    <ClCompile Include="game\system\BuildingScript.cpp">
      <Filter>game\system</Filter>
    </ClCompile>
    <ClCompile Include="gui\Control.cpp">
      <Filter>gui</Filter>
    </ClCompile>
    <ClCompile Include="gui\MenuBar.cpp">
      <Filter>gui\new</Filter>
    </ClCompile>
    <ClCompile Include="gui\TabControl.cpp">
      <Filter>gui\new</Filter>
    </ClCompile>
    <ClCompile Include="gui\TreeView.cpp">
      <Filter>gui\new</Filter>
    </ClCompile>
    <ClCompile Include="gui\Window.cpp">
      <Filter>gui\new</Filter>
    </ClCompile>
    <ClCompile Include="gui\MenuStrip.cpp">
      <Filter>gui\new</Filter>
    </ClCompile>
    <ClCompile Include="gui\Panel.cpp">
      <Filter>gui\new</Filter>
    </ClCompile>
    <ClCompile Include="gui\SplitPanel.cpp">
      <Filter>gui\new</Filter>
    </ClCompile>
    <ClCompile Include="game\GameStats.cpp">
      <Filter>game</Filter>
    </ClCompile>
    <ClCompile Include="game\quests\Quest.cpp">
      <Filter>game\quests</Filter>
    </ClCompile>
    <ClCompile Include="game\entity\Unit.cpp">
      <Filter>game\entity\unit</Filter>
    </ClCompile>
    <ClCompile Include="game\entity\Blood.cpp">
      <Filter>game\entity\blood</Filter>
    </ClCompile>
    <ClCompile Include="game\entity\Camera.cpp">
      <Filter>game</Filter>
    </ClCompile>
    <ClCompile Include="game\GameFile.cpp">
      <Filter>game</Filter>
    </ClCompile>
    <ClCompile Include="game\Team.cpp">
      <Filter>game</Filter>
    </ClCompile>
    <ClCompile Include="core\KeyStates.cpp">
      <Filter>core</Filter>
    </ClCompile>
    <ClCompile Include="game\quests\Quest_RetrievePackage.cpp">
      <Filter>game\quests</Filter>
    </ClCompile>
    <ClCompile Include="game\system\Type.cpp">
      <Filter>game\system</Filter>
    </ClCompile>
    <ClCompile Include="game\system\TypeManager.cpp">
      <Filter>game\system</Filter>
    </ClCompile>
    <ClCompile Include="game\GameTypes.cpp">
      <Filter>game</Filter>
    </ClCompile>
    <ClCompile Include="game\system\TypeVectorContainer.cpp">
      <Filter>game\system</Filter>
    </ClCompile>
    <ClCompile Include="gui\CheckBoxGroup.cpp">
      <Filter>gui\new</Filter>
    </ClCompile>
    <ClCompile Include="game\Ai.cpp">
      <Filter>game</Filter>
    </ClCompile>
    <ClCompile Include="gui\Label.cpp">
      <Filter>gui\new</Filter>
    </ClCompile>
    <ClCompile Include="gui\FlowContainer.cpp">
      <Filter>gui</Filter>
    </ClCompile>
    <ClCompile Include="toolset\ToolsetItem.cpp">
      <Filter>toolset</Filter>
    </ClCompile>
    <ClCompile Include="gui\dialogs\PickFileDialog.cpp">
      <Filter>gui\dialogs</Filter>
    </ClCompile>
    <ClCompile Include="gui\dialogs\GuiDialog.cpp">
      <Filter>gui\dialogs</Filter>
    </ClCompile>
    <ClCompile Include="core\Logger.cpp">
      <Filter>core</Filter>
    </ClCompile>
    <ClCompile Include="core\Text.cpp">
      <Filter>core</Filter>
    </ClCompile>
    <ClCompile Include="core\File.cpp">
      <Filter>core</Filter>
    </ClCompile>
    <ClCompile Include="core\Profiler.cpp">
      <Filter>core</Filter>
    </ClCompile>
    <ClCompile Include="core\CoreMath.cpp">
      <Filter>core</Filter>
    </ClCompile>
    <ClCompile Include="core\Containers.cpp">
      <Filter>core</Filter>
    </ClCompile>
  </ItemGroup>
  <ItemGroup>
    <ClInclude Include="resource\resource1.h">
      <Filter>resource</Filter>
    </ClInclude>
    <ClInclude Include="core\Animesh.h">
      <Filter>core</Filter>
    </ClInclude>
    <ClInclude Include="core\Base.h">
      <Filter>core</Filter>
    </ClInclude>
    <ClInclude Include="core\Engine.h">
      <Filter>core</Filter>
    </ClInclude>
    <ClInclude Include="core\KeyStates.h">
      <Filter>core</Filter>
    </ClInclude>
    <ClInclude Include="core\ParticleSystem.h">
      <Filter>core</Filter>
    </ClInclude>
    <ClInclude Include="core\Perlin.h">
      <Filter>core</Filter>
    </ClInclude>
    <ClInclude Include="core\Physics.h">
      <Filter>core</Filter>
    </ClInclude>
    <ClInclude Include="core\QuadTree.h">
      <Filter>core</Filter>
    </ClInclude>
    <ClInclude Include="core\Terrain.h">
      <Filter>core</Filter>
    </ClInclude>
    <ClInclude Include="core\TerrainTile.h">
      <Filter>core</Filter>
    </ClInclude>
    <ClInclude Include="core\Timer.h">
      <Filter>core</Filter>
    </ClInclude>
    <ClInclude Include="core\Tokenizer.h">
      <Filter>core</Filter>
    </ClInclude>
    <ClInclude Include="core\VertexDeclaration.h">
      <Filter>core</Filter>
    </ClInclude>
    <ClInclude Include="gui\CheckBox.h">
      <Filter>gui</Filter>
    </ClInclude>
    <ClInclude Include="gui\Container.h">
      <Filter>gui</Filter>
    </ClInclude>
    <ClInclude Include="gui\Control.h">
      <Filter>gui</Filter>
    </ClInclude>
    <ClInclude Include="gui\Dialog2.h">
      <Filter>gui</Filter>
    </ClInclude>
    <ClInclude Include="gui\Grid.h">
      <Filter>gui</Filter>
    </ClInclude>
    <ClInclude Include="gui\Gui.h">
      <Filter>gui</Filter>
    </ClInclude>
    <ClInclude Include="gui\GuiContainer.h">
      <Filter>gui</Filter>
    </ClInclude>
    <ClInclude Include="gui\InputTextBox.h">
      <Filter>gui</Filter>
    </ClInclude>
    <ClInclude Include="gui\ListBox.h">
      <Filter>gui</Filter>
    </ClInclude>
    <ClInclude Include="gui\MenuList.h">
      <Filter>gui</Filter>
    </ClInclude>
    <ClInclude Include="gui\Scrollbar.h">
      <Filter>gui</Filter>
    </ClInclude>
    <ClInclude Include="gui\Slider.h">
      <Filter>gui</Filter>
    </ClInclude>
    <ClInclude Include="gui\TextBox.h">
      <Filter>gui</Filter>
    </ClInclude>
    <ClInclude Include="game\Collision.h">
      <Filter>game</Filter>
    </ClInclude>
    <ClInclude Include="game\ConsoleCommands.h">
      <Filter>game</Filter>
    </ClInclude>
    <ClInclude Include="game\Dialog.h">
      <Filter>game</Filter>
    </ClInclude>
    <ClInclude Include="game\Game.h">
      <Filter>game</Filter>
    </ClInclude>
    <ClInclude Include="game\GameCommon.h">
      <Filter>game</Filter>
    </ClInclude>
    <ClInclude Include="game\GameKeys.h">
      <Filter>game</Filter>
    </ClInclude>
    <ClInclude Include="game\Gui2.h">
      <Filter>game</Filter>
    </ClInclude>
    <ClInclude Include="game\ItemScript.h">
      <Filter>game</Filter>
    </ClInclude>
    <ClInclude Include="game\SaveSlot.h">
      <Filter>game</Filter>
    </ClInclude>
    <ClInclude Include="game\SaveState.h">
      <Filter>game</Filter>
    </ClInclude>
    <ClInclude Include="game\entity\AIController.h">
      <Filter>game\entity</Filter>
    </ClInclude>
    <ClInclude Include="game\entity\Bullet.h">
      <Filter>game\entity</Filter>
    </ClInclude>
    <ClInclude Include="game\entity\Chest.h">
      <Filter>game\entity</Filter>
    </ClInclude>
    <ClInclude Include="game\entity\Door.h">
      <Filter>game\entity</Filter>
    </ClInclude>
    <ClInclude Include="game\entity\GroundItem.h">
      <Filter>game\entity</Filter>
    </ClInclude>
    <ClInclude Include="game\entity\HeroData.h">
      <Filter>game\entity</Filter>
    </ClInclude>
    <ClInclude Include="game\entity\HeroPlayerCommon.h">
      <Filter>game\entity</Filter>
    </ClInclude>
    <ClInclude Include="game\entity\HumanData.h">
      <Filter>game\entity</Filter>
    </ClInclude>
    <ClInclude Include="game\entity\ItemSlot.h">
      <Filter>game\entity</Filter>
    </ClInclude>
    <ClInclude Include="game\entity\Object.h">
      <Filter>game\entity</Filter>
    </ClInclude>
    <ClInclude Include="game\entity\PlayerController.h">
      <Filter>game\entity</Filter>
    </ClInclude>
    <ClInclude Include="game\entity\SceneNode.h">
      <Filter>game\entity</Filter>
    </ClInclude>
    <ClInclude Include="game\entity\SpellEffects.h">
      <Filter>game\entity</Filter>
    </ClInclude>
    <ClInclude Include="game\entity\Trap.h">
      <Filter>game\entity</Filter>
    </ClInclude>
    <ClInclude Include="game\entity\Useable.h">
      <Filter>game\entity</Filter>
    </ClInclude>
    <ClInclude Include="game\generator\CityGenerator.h">
      <Filter>game\generator</Filter>
    </ClInclude>
    <ClInclude Include="game\generator\Mapa2.h">
      <Filter>game\generator</Filter>
    </ClInclude>
    <ClInclude Include="game\location\Camp.h">
      <Filter>game\location</Filter>
    </ClInclude>
    <ClInclude Include="game\location\CaveLocation.h">
      <Filter>game\location</Filter>
    </ClInclude>
    <ClInclude Include="game\location\EntryPoint.h">
      <Filter>game\location</Filter>
    </ClInclude>
    <ClInclude Include="game\location\InsideBuilding.h">
      <Filter>game\location</Filter>
    </ClInclude>
    <ClInclude Include="game\location\InsideLocation.h">
      <Filter>game\location</Filter>
    </ClInclude>
    <ClInclude Include="game\location\InsideLocationLevel.h">
      <Filter>game\location</Filter>
    </ClInclude>
    <ClInclude Include="game\location\LevelContext.h">
      <Filter>game\location</Filter>
    </ClInclude>
    <ClInclude Include="game\location\Location.h">
      <Filter>game\location</Filter>
    </ClInclude>
    <ClInclude Include="game\location\MultiInsideLocation.h">
      <Filter>game\location</Filter>
    </ClInclude>
    <ClInclude Include="game\location\OutsideLocation.h">
      <Filter>game\location</Filter>
    </ClInclude>
    <ClInclude Include="game\location\SingleInsideLocation.h">
      <Filter>game\location</Filter>
    </ClInclude>
    <ClInclude Include="game\net\BitStreamFunc.h">
      <Filter>game\net</Filter>
    </ClInclude>
    <ClInclude Include="game\net\Net.h">
      <Filter>game\net</Filter>
    </ClInclude>
    <ClInclude Include="game\stats\BaseLocation.h">
      <Filter>game\stats</Filter>
    </ClInclude>
    <ClInclude Include="game\stats\BaseTrap.h">
      <Filter>game\stats</Filter>
    </ClInclude>
    <ClInclude Include="game\stats\BaseUseable.h">
      <Filter>game\stats</Filter>
    </ClInclude>
    <ClInclude Include="game\stats\Class.h">
      <Filter>game\stats</Filter>
    </ClInclude>
    <ClInclude Include="game\stats\Const.h">
      <Filter>game\stats</Filter>
    </ClInclude>
    <ClInclude Include="game\stats\DamageTypes.h">
      <Filter>game\stats</Filter>
    </ClInclude>
    <ClInclude Include="game\stats\Item.h">
      <Filter>game\stats</Filter>
    </ClInclude>
    <ClInclude Include="game\stats\ItemType.h">
      <Filter>game\stats</Filter>
    </ClInclude>
    <ClInclude Include="game\stats\Material.h">
      <Filter>game\stats</Filter>
    </ClInclude>
    <ClInclude Include="game\stats\RoomType.h">
      <Filter>game\stats</Filter>
    </ClInclude>
    <ClInclude Include="game\stats\SpawnGroup.h">
      <Filter>game\stats</Filter>
    </ClInclude>
    <ClInclude Include="game\stats\Spell.h">
      <Filter>game\stats</Filter>
    </ClInclude>
    <ClInclude Include="game\stats\UnitData.h">
      <Filter>game\stats</Filter>
    </ClInclude>
    <ClInclude Include="game\stats\UnitStats.h">
      <Filter>game\stats</Filter>
    </ClInclude>
    <ClInclude Include="game\panels\Console.h">
      <Filter>game\panels</Filter>
    </ClInclude>
    <ClInclude Include="game\panels\CreateCharacterPanel.h">
      <Filter>game\panels</Filter>
    </ClInclude>
    <ClInclude Include="game\panels\CreateServerPanel.h">
      <Filter>game\panels</Filter>
    </ClInclude>
    <ClInclude Include="game\panels\GameGui.h">
      <Filter>game\panels</Filter>
    </ClInclude>
    <ClInclude Include="game\panels\GameMenu.h">
      <Filter>game\panels</Filter>
    </ClInclude>
    <ClInclude Include="game\panels\GamePanel.h">
      <Filter>game\panels</Filter>
    </ClInclude>
    <ClInclude Include="game\panels\InfoBox.h">
      <Filter>game\panels</Filter>
    </ClInclude>
    <ClInclude Include="game\panels\Inventory.h">
      <Filter>game\panels</Filter>
    </ClInclude>
    <ClInclude Include="game\panels\Journal.h">
      <Filter>game\panels</Filter>
    </ClInclude>
    <ClInclude Include="game\panels\LoadScreen.h">
      <Filter>game\panels</Filter>
    </ClInclude>
    <ClInclude Include="game\panels\MainMenu.h">
      <Filter>game\panels</Filter>
    </ClInclude>
    <ClInclude Include="game\panels\Minimap.h">
      <Filter>game\panels</Filter>
    </ClInclude>
    <ClInclude Include="game\panels\MpBox.h">
      <Filter>game\panels</Filter>
    </ClInclude>
    <ClInclude Include="game\panels\MultiplayerPanel.h">
      <Filter>game\panels</Filter>
    </ClInclude>
    <ClInclude Include="game\panels\Options.h">
      <Filter>game\panels</Filter>
    </ClInclude>
    <ClInclude Include="game\panels\PickServerPanel.h">
      <Filter>game\panels</Filter>
    </ClInclude>
    <ClInclude Include="game\panels\SaveLoadPanel.h">
      <Filter>game\panels</Filter>
    </ClInclude>
    <ClInclude Include="game\panels\ServerPanel.h">
      <Filter>game\panels</Filter>
    </ClInclude>
    <ClInclude Include="game\panels\StatsPanel.h">
      <Filter>game\panels</Filter>
    </ClInclude>
    <ClInclude Include="game\panels\TeamPanel.h">
      <Filter>game\panels</Filter>
    </ClInclude>
    <ClInclude Include="game\panels\WorldMapGui.h">
      <Filter>game\panels</Filter>
    </ClInclude>
    <ClInclude Include="core\Resource.h">
      <Filter>core</Filter>
    </ClInclude>
    <ClInclude Include="Pch.h" />
    <ClInclude Include="game\Language.h">
      <Filter>game</Filter>
    </ClInclude>
    <ClInclude Include="game\stats\Attribute.h">
      <Filter>game\stats</Filter>
    </ClInclude>
    <ClInclude Include="game\stats\Music.h">
      <Filter>game\stats</Filter>
    </ClInclude>
    <ClInclude Include="game\stats\Skill.h">
      <Filter>game\stats</Filter>
    </ClInclude>
    <ClInclude Include="gui\GuiElement.h">
      <Filter>gui</Filter>
    </ClInclude>
    <ClInclude Include="game\entity\PlayerInfo.h">
      <Filter>game\entity</Filter>
    </ClInclude>
    <ClInclude Include="gui\TooltipController.h">
      <Filter>gui</Filter>
    </ClInclude>
    <ClInclude Include="game\stats\StatProfile.h">
      <Filter>game\stats</Filter>
    </ClInclude>
    <ClInclude Include="gui\dialogs\GetNumberDialog.h">
      <Filter>gui\dialogs</Filter>
    </ClInclude>
    <ClInclude Include="gui\dialogs\GetTextDialog.h">
      <Filter>gui\dialogs</Filter>
    </ClInclude>
    <ClInclude Include="game\panels\Controls.h">
      <Filter>game\panels</Filter>
    </ClInclude>
    <ClInclude Include="game\stats\Perk.h">
      <Filter>game\stats</Filter>
    </ClInclude>
    <ClInclude Include="gui\dialogs\PickItemDialog.h">
      <Filter>gui\dialogs</Filter>
    </ClInclude>
    <ClInclude Include="game\entity\CreatedCharacter.h">
      <Filter>game\entity</Filter>
    </ClInclude>
    <ClInclude Include="game\stats\ArmorUnitType.h">
      <Filter>game\stats</Filter>
    </ClInclude>
    <ClInclude Include="game\panels\GameMessages.h">
      <Filter>game\panels</Filter>
    </ClInclude>
    <ClInclude Include="game\stats\Effect.h">
      <Filter>game\stats</Filter>
    </ClInclude>
    <ClInclude Include="game\quests\QuestManager.h">
      <Filter>game\quests</Filter>
    </ClInclude>
    <ClInclude Include="game\quests\Quest_Main.h">
      <Filter>game\quests</Filter>
    </ClInclude>
    <ClInclude Include="game\quests\Quest_DeliverLetter.h">
      <Filter>game\quests</Filter>
    </ClInclude>
    <ClInclude Include="game\quests\Quest_DeliverParcel.h">
      <Filter>game\quests</Filter>
    </ClInclude>
    <ClInclude Include="game\quests\Quest_SpreadNews.h">
      <Filter>game\quests</Filter>
    </ClInclude>
    <ClInclude Include="game\quests\Quest_RescueCaptive.h">
      <Filter>game\quests</Filter>
    </ClInclude>
    <ClInclude Include="game\quests\Quest_BanditsCollectToll.h">
      <Filter>game\quests</Filter>
    </ClInclude>
    <ClInclude Include="game\quests\Quest_CampNearCity.h">
      <Filter>game\quests</Filter>
    </ClInclude>
    <ClInclude Include="game\quests\Quest_KillAnimals.h">
      <Filter>game\quests</Filter>
    </ClInclude>
    <ClInclude Include="game\quests\Quest_FindArtifact.h">
      <Filter>game\quests</Filter>
    </ClInclude>
    <ClInclude Include="game\quests\Quest_LostArtifact.h">
      <Filter>game\quests</Filter>
    </ClInclude>
    <ClInclude Include="game\quests\Quest_StolenArtifact.h">
      <Filter>game\quests</Filter>
    </ClInclude>
    <ClInclude Include="game\quests\Quest_Wanted.h">
      <Filter>game\quests</Filter>
    </ClInclude>
    <ClInclude Include="game\quests\Quest_Sawmill.h">
      <Filter>game\quests</Filter>
    </ClInclude>
    <ClInclude Include="game\quests\Quest_Mine.h">
      <Filter>game\quests</Filter>
    </ClInclude>
    <ClInclude Include="game\GameFile.h">
      <Filter>game</Filter>
    </ClInclude>
    <ClInclude Include="game\quests\Quest_Bandits.h">
      <Filter>game\quests</Filter>
    </ClInclude>
    <ClInclude Include="game\quests\Quest_Mages.h">
      <Filter>game\quests</Filter>
    </ClInclude>
    <ClInclude Include="game\quests\Quest_Orcs.h">
      <Filter>game\quests</Filter>
    </ClInclude>
    <ClInclude Include="game\quests\Quest_Goblins.h">
      <Filter>game\quests</Filter>
    </ClInclude>
    <ClInclude Include="game\quests\Quest_Evil.h">
      <Filter>game\quests</Filter>
    </ClInclude>
    <ClInclude Include="game\quests\Quest_Crazies.h">
      <Filter>game\quests</Filter>
    </ClInclude>
    <ClInclude Include="Version.h" />
    <ClInclude Include="game\entity\Camera.h">
      <Filter>game\entity</Filter>
    </ClInclude>
    <ClInclude Include="core\Crc.h">
      <Filter>core</Filter>
    </ClInclude>
    <ClInclude Include="core\ResourceManager.h">
      <Filter>core</Filter>
    </ClInclude>
    <ClInclude Include="game\location\LevelArea.h">
      <Filter>game\location</Filter>
    </ClInclude>
    <ClInclude Include="ErrorHandler.h" />
    <ClInclude Include="core\Config.h">
      <Filter>core</Filter>
    </ClInclude>
    <ClInclude Include="game\entity\Light.h">
      <Filter>game\entity</Filter>
    </ClInclude>
    <ClInclude Include="core\Stream.h">
      <Filter>core</Filter>
    </ClInclude>
    <ClInclude Include="game\helpers\UnitHelper.h">
      <Filter>game\helpers</Filter>
    </ClInclude>
    <ClInclude Include="game\location\City.h">
      <Filter>game\location</Filter>
    </ClInclude>
    <ClInclude Include="game\helpers\LocationHelper.h">
      <Filter>game\helpers</Filter>
    </ClInclude>
    <ClInclude Include="toolset\Toolset.h">
      <Filter>toolset</Filter>
    </ClInclude>
    <ClInclude Include="core\Config2.h">
      <Filter>core</Filter>
    </ClInclude>
    <ClInclude Include="core\FastFunc.h">
      <Filter>core</Filter>
    </ClInclude>
    <ClInclude Include="game\system\Building.h">
      <Filter>game\system</Filter>
    </ClInclude>
    <ClInclude Include="game\system\BuildingGroup.h">
      <Filter>game\system</Filter>
    </ClInclude>
    <ClInclude Include="game\system\BuildingScript.h">
      <Filter>game\system</Filter>
    </ClInclude>
    <ClInclude Include="game\system\Content.h">
      <Filter>game\system</Filter>
    </ClInclude>
    <ClInclude Include="gui\Window.h">
      <Filter>gui\new</Filter>
    </ClInclude>
    <ClInclude Include="gui\TabControl.h">
      <Filter>gui\new</Filter>
    </ClInclude>
    <ClInclude Include="gui\Label.h">
      <Filter>gui\new</Filter>
    </ClInclude>
    <ClInclude Include="gui\Overlay.h">
      <Filter>gui\new</Filter>
    </ClInclude>
    <ClInclude Include="gui\ToolStrip.h">
      <Filter>gui\new</Filter>
    </ClInclude>
    <ClInclude Include="gui\TreeView.h">
      <Filter>gui\new</Filter>
    </ClInclude>
    <ClInclude Include="gui\MenuBar.h">
      <Filter>gui\new</Filter>
    </ClInclude>
    <ClInclude Include="gui\Panel.h">
      <Filter>gui\new</Filter>
    </ClInclude>
    <ClInclude Include="gui\SplitPanel.h">
      <Filter>gui\new</Filter>
    </ClInclude>
    <ClInclude Include="game\stats\MagicEffect.h">
      <Filter>game\stats</Filter>
    </ClInclude>
    <ClInclude Include="gui\AreaLayout.h">
      <Filter>gui\new</Filter>
    </ClInclude>
    <ClInclude Include="game\GameStats.h">
      <Filter>game</Filter>
    </ClInclude>
    <ClInclude Include="game\quests\Quest.h">
      <Filter>game\quests</Filter>
    </ClInclude>
    <ClInclude Include="game\quests\QuestConsts.h">
      <Filter>game\quests</Filter>
    </ClInclude>
    <ClInclude Include="game\Encounter.h">
      <Filter>game</Filter>
    </ClInclude>
    <ClInclude Include="game\entity\Unit.h">
      <Filter>game\entity\unit</Filter>
    </ClInclude>
    <ClInclude Include="game\entity\UnitEventHandler.h">
      <Filter>game\entity\unit</Filter>
    </ClInclude>
    <ClInclude Include="game\entity\Blood.h">
      <Filter>game\entity\blood</Filter>
    </ClInclude>
    <ClInclude Include="game\entity\BloodType.h">
      <Filter>game\entity\blood</Filter>
    </ClInclude>
    <ClInclude Include="game\Team.h">
      <Filter>game</Filter>
    </ClInclude>
    <ClInclude Include="game\quests\Quest_RetrievePackage.h">
      <Filter>game\quests</Filter>
    </ClInclude>
    <ClInclude Include="game\system\TypeVectorContainer.h">
      <Filter>game\system</Filter>
    </ClInclude>
    <ClInclude Include="game\system\Type.h">
      <Filter>game\system</Filter>
    </ClInclude>
    <ClInclude Include="game\system\TypeId.h">
      <Filter>game\system</Filter>
    </ClInclude>
    <ClInclude Include="game\system\TypeManager.h">
      <Filter>game\system</Filter>
    </ClInclude>
    <ClInclude Include="game\system\TypeProxy.h">
      <Filter>game\system</Filter>
    </ClInclude>
    <ClInclude Include="core\TextWriter.h">
      <Filter>core</Filter>
    </ClInclude>
    <ClInclude Include="gui\dialogs\PickFileDialog.h">
      <Filter>gui\dialogs</Filter>
    </ClInclude>
    <ClInclude Include="gui\CheckBoxGroup.h">
      <Filter>gui\new</Filter>
    </ClInclude>
    <ClInclude Include="game\system\TypeItem.h">
      <Filter>game\system</Filter>
    </ClInclude>
    <ClInclude Include="gui\Button.h">
      <Filter>gui</Filter>
    </ClInclude>
    <ClInclude Include="gui\MenuStrip.h">
      <Filter>gui\new</Filter>
    </ClInclude>
    <ClInclude Include="gui\Layout.h">
      <Filter>gui\new</Filter>
    </ClInclude>
    <ClInclude Include="gui\GuiRect.h">
      <Filter>gui</Filter>
    </ClInclude>
    <ClInclude Include="gui\FlowContainer.h">
      <Filter>gui</Filter>
    </ClInclude>
    <ClInclude Include="gui\dialogs\GuiDialog.h">
      <Filter>gui\dialogs</Filter>
    </ClInclude>
    <ClInclude Include="core\Logger.h">
      <Filter>core</Filter>
    </ClInclude>
    <ClInclude Include="core\Text.h">
      <Filter>core</Filter>
    </ClInclude>
    <ClInclude Include="core\File.h">
      <Filter>core</Filter>
    </ClInclude>
    <ClInclude Include="core\CriticalSection.h">
      <Filter>core</Filter>
    </ClInclude>
    <ClInclude Include="core\Profiler.h">
      <Filter>core</Filter>
    </ClInclude>
    <ClInclude Include="core\CoreMath.h">
      <Filter>core</Filter>
    </ClInclude>
    <ClInclude Include="core\Containers.h">
      <Filter>core</Filter>
    </ClInclude>
    <ClInclude Include="core\VertexData.h">
      <Filter>core</Filter>
    </ClInclude>
  </ItemGroup>
  <ItemGroup>
    <ResourceCompile Include="resource\resource.rc">
      <Filter>resource</Filter>
    </ResourceCompile>
    <ResourceCompile Include="resource\resource2.rc">
      <Filter>resource</Filter>
    </ResourceCompile>
  </ItemGroup>
  <ItemGroup>
    <Text Include="..\doc\changelog.TXT">
      <Filter>doc</Filter>
    </Text>
    <Text Include="..\doc\changelog_eng.TXT">
      <Filter>doc</Filter>
    </Text>
    <Text Include="..\doc\readme.txt">
      <Filter>doc</Filter>
    </Text>
    <Text Include="..\doc\readme_eng.txt">
      <Filter>doc</Filter>
    </Text>
    <Text Include="..\doc\system.txt">
      <Filter>doc</Filter>
    </Text>
    <Text Include="..\doc\todo.txt">
      <Filter>doc</Filter>
    </Text>
  </ItemGroup>
</Project>