<?xml version="1.0" encoding="utf-8"?>
<Project ToolsVersion="4.0" xmlns="http://schemas.microsoft.com/developer/msbuild/2003">
  <ItemGroup>
    <Filter Include="Common">
      <UniqueIdentifier>{9dfde5a3-b5b1-4a6d-8660-96f2c1150a68}</UniqueIdentifier>
    </Filter>
    <Filter Include="external">
      <UniqueIdentifier>{409bf09a-475d-43f9-8141-21468da4c79f}</UniqueIdentifier>
    </Filter>
    <Filter Include="doc">
      <UniqueIdentifier>{173bfe71-4736-4115-8bd7-5cae9a324d4e}</UniqueIdentifier>
    </Filter>
  </ItemGroup>
  <ItemGroup>
    <ClCompile Include="Common\Base.cpp">
      <Filter>Common</Filter>
    </ClCompile>
    <ClCompile Include="Common\Error.cpp">
      <Filter>Common</Filter>
    </ClCompile>
    <ClCompile Include="Common\Files.cpp">
      <Filter>Common</Filter>
    </ClCompile>
    <ClCompile Include="Common\Math.cpp">
      <Filter>Common</Filter>
    </ClCompile>
    <ClCompile Include="Common\Stream.cpp">
      <Filter>Common</Filter>
    </ClCompile>
    <ClCompile Include="Common\Tokenizer.cpp">
      <Filter>Common</Filter>
    </ClCompile>
    <ClCompile Include="Main.cpp" />
    <ClCompile Include="MeshMender.cpp" />
    <ClCompile Include="MeshTask.cpp" />
    <ClCompile Include="PCH.cpp" />
    <ClCompile Include="Mesh.cpp">
      <Filter>external</Filter>
    </ClCompile>
    <ClCompile Include="QmshTmpLoader.cpp" />
    <ClCompile Include="QmshSaver.cpp" />
    <ClCompile Include="Converter.cpp" />
  </ItemGroup>
  <ItemGroup>
    <ClInclude Include="Common\Base.hpp">
      <Filter>Common</Filter>
    </ClInclude>
    <ClInclude Include="Common\Error.hpp">
      <Filter>Common</Filter>
    </ClInclude>
    <ClInclude Include="Common\Files.hpp">
      <Filter>Common</Filter>
    </ClInclude>
    <ClInclude Include="Common\Math.hpp">
      <Filter>Common</Filter>
    </ClInclude>
    <ClInclude Include="Common\Stream.hpp">
      <Filter>Common</Filter>
    </ClInclude>
    <ClInclude Include="Common\Tokenizer.hpp">
      <Filter>Common</Filter>
    </ClInclude>
    <ClInclude Include="MeshMender.h" />
    <ClInclude Include="MeshTask.hpp" />
    <ClInclude Include="PCH.hpp" />
    <ClInclude Include="Qmsh.h" />
    <ClInclude Include="Mesh.h">
      <Filter>external</Filter>
    </ClInclude>
    <ClInclude Include="QmshTmp.h" />
    <ClInclude Include="QmshTmpLoader.h" />
    <ClInclude Include="Converter.h" />
    <ClInclude Include="QmshSaver.h" />
    <ClInclude Include="ConversionData.h" />
  </ItemGroup>
  <ItemGroup>
    <Text Include="changelog.txt">
      <Filter>doc</Filter>
    </Text>
    <Text Include="UWAGI.TXT">
      <Filter>doc</Filter>
    </Text>
  </ItemGroup>
</Project>